{
  "version": "5",
  "specifiers": {
    "npm:@aws-sdk/client-s3@3": "3.927.0",
    "npm:@supabase/supabase-js@2.38.4": "2.38.4",
    "npm:sharp@0.33.1": "0.33.1"
  },
  "npm": {
    "@aws-crypto/crc32@5.2.0": {
      "integrity": "sha512-nLbCWqQNgUiwwtFsen1AdzAtvuLRsQS8rYgMuxCrdKf9kOssamGLuPwyTY9wyYblNr9+1XM8v6zoDTPPSIeANg==",
      "dependencies": [
        "@aws-crypto/util",
        "@aws-sdk/types",
        "tslib"
      ]
    },
    "@aws-crypto/crc32c@5.2.0": {
      "integrity": "sha512-+iWb8qaHLYKrNvGRbiYRHSdKRWhto5XlZUEBwDjYNf+ly5SVYG6zEoYIdxvf5R3zyeP16w4PLBn3rH1xc74Rag==",
      "dependencies": [
        "@aws-crypto/util",
        "@aws-sdk/types",
        "tslib"
      ]
    },
    "@aws-crypto/sha1-browser@5.2.0": {
      "integrity": "sha512-OH6lveCFfcDjX4dbAvCFSYUjJZjDr/3XJ3xHtjn3Oj5b9RjojQo8npoLeA/bNwkOkrSQ0wgrHzXk4tDRxGKJeg==",
      "dependencies": [
        "@aws-crypto/supports-web-crypto",
        "@aws-crypto/util",
        "@aws-sdk/types",
        "@aws-sdk/util-locate-window",
        "@smithy/util-utf8@2.3.0",
        "tslib"
      ]
    },
    "@aws-crypto/sha256-browser@5.2.0": {
      "integrity": "sha512-AXfN/lGotSQwu6HNcEsIASo7kWXZ5HYWvfOmSNKDsEqC4OashTp8alTmaz+F7TC2L083SFv5RdB+qU3Vs1kZqw==",
      "dependencies": [
        "@aws-crypto/sha256-js",
        "@aws-crypto/supports-web-crypto",
        "@aws-crypto/util",
        "@aws-sdk/types",
        "@aws-sdk/util-locate-window",
        "@smithy/util-utf8@2.3.0",
        "tslib"
      ]
    },
    "@aws-crypto/sha256-js@5.2.0": {
      "integrity": "sha512-FFQQyu7edu4ufvIZ+OadFpHHOt+eSTBaYaki44c+akjg7qZg9oOQeLlk77F6tSYqjDAFClrHJk9tMf0HdVyOvA==",
      "dependencies": [
        "@aws-crypto/util",
        "@aws-sdk/types",
        "tslib"
      ]
    },
    "@aws-crypto/supports-web-crypto@5.2.0": {
      "integrity": "sha512-iAvUotm021kM33eCdNfwIN//F77/IADDSs58i+MDaOqFrVjZo9bAal0NK7HurRuWLLpF1iLX7gbWrjHjeo+YFg==",
      "dependencies": [
        "tslib"
      ]
    },
    "@aws-crypto/util@5.2.0": {
      "integrity": "sha512-4RkU9EsI6ZpBve5fseQlGNUWKMa1RLPQ1dnjnQoe07ldfIzcsGb5hC5W0Dm7u423KWzawlrpbjXBrXCEv9zazQ==",
      "dependencies": [
        "@aws-sdk/types",
        "@smithy/util-utf8@2.3.0",
        "tslib"
      ]
    },
    "@aws-sdk/client-s3@3.927.0": {
      "integrity": "sha512-LwjZH7/WDFw2++ntRtJMMlkZy+BTMaQQv+S8m3amfRo4iF4KJKRE2q3+QOKX2Xpvnw5IEHkmLa+oEanGlk2t1g==",
      "dependencies": [
        "@aws-crypto/sha1-browser",
        "@aws-crypto/sha256-browser",
        "@aws-crypto/sha256-js",
        "@aws-sdk/core",
        "@aws-sdk/credential-provider-node",
        "@aws-sdk/middleware-bucket-endpoint",
        "@aws-sdk/middleware-expect-continue",
        "@aws-sdk/middleware-flexible-checksums",
        "@aws-sdk/middleware-host-header",
        "@aws-sdk/middleware-location-constraint",
        "@aws-sdk/middleware-logger",
        "@aws-sdk/middleware-recursion-detection",
        "@aws-sdk/middleware-sdk-s3",
        "@aws-sdk/middleware-ssec",
        "@aws-sdk/middleware-user-agent",
        "@aws-sdk/region-config-resolver",
        "@aws-sdk/signature-v4-multi-region",
        "@aws-sdk/types",
        "@aws-sdk/util-endpoints",
        "@aws-sdk/util-user-agent-browser",
        "@aws-sdk/util-user-agent-node",
        "@aws-sdk/xml-builder",
        "@smithy/config-resolver",
        "@smithy/core",
        "@smithy/eventstream-serde-browser",
        "@smithy/eventstream-serde-config-resolver",
        "@smithy/eventstream-serde-node",
        "@smithy/fetch-http-handler",
        "@smithy/hash-blob-browser",
        "@smithy/hash-node",
        "@smithy/hash-stream-node",
        "@smithy/invalid-dependency",
        "@smithy/md5-js",
        "@smithy/middleware-content-length",
        "@smithy/middleware-endpoint",
        "@smithy/middleware-retry",
        "@smithy/middleware-serde",
        "@smithy/middleware-stack",
        "@smithy/node-config-provider",
        "@smithy/node-http-handler",
        "@smithy/protocol-http",
        "@smithy/smithy-client",
        "@smithy/types",
        "@smithy/url-parser",
        "@smithy/util-base64",
        "@smithy/util-body-length-browser",
        "@smithy/util-body-length-node",
        "@smithy/util-defaults-mode-browser",
        "@smithy/util-defaults-mode-node",
        "@smithy/util-endpoints",
        "@smithy/util-middleware",
        "@smithy/util-retry",
        "@smithy/util-stream",
        "@smithy/util-utf8@4.2.0",
        "@smithy/util-waiter",
        "@smithy/uuid",
        "tslib"
      ]
    },
    "@aws-sdk/client-sso@3.927.0": {
      "integrity": "sha512-O+e+jo6ei7U/BA7lhT4mmPCWmeR9dFgGUHVwCwJ5c/nCaSaHQ+cb7j2h8WPXERu0LhPSFyj1aD5dk3jFIwNlbg==",
      "dependencies": [
        "@aws-crypto/sha256-browser",
        "@aws-crypto/sha256-js",
        "@aws-sdk/core",
        "@aws-sdk/middleware-host-header",
        "@aws-sdk/middleware-logger",
        "@aws-sdk/middleware-recursion-detection",
        "@aws-sdk/middleware-user-agent",
        "@aws-sdk/region-config-resolver",
        "@aws-sdk/types",
        "@aws-sdk/util-endpoints",
        "@aws-sdk/util-user-agent-browser",
        "@aws-sdk/util-user-agent-node",
        "@smithy/config-resolver",
        "@smithy/core",
        "@smithy/fetch-http-handler",
        "@smithy/hash-node",
        "@smithy/invalid-dependency",
        "@smithy/middleware-content-length",
        "@smithy/middleware-endpoint",
        "@smithy/middleware-retry",
        "@smithy/middleware-serde",
        "@smithy/middleware-stack",
        "@smithy/node-config-provider",
        "@smithy/node-http-handler",
        "@smithy/protocol-http",
        "@smithy/smithy-client",
        "@smithy/types",
        "@smithy/url-parser",
        "@smithy/util-base64",
        "@smithy/util-body-length-browser",
        "@smithy/util-body-length-node",
        "@smithy/util-defaults-mode-browser",
        "@smithy/util-defaults-mode-node",
        "@smithy/util-endpoints",
        "@smithy/util-middleware",
        "@smithy/util-retry",
        "@smithy/util-utf8@4.2.0",
        "tslib"
      ]
    },
    "@aws-sdk/core@3.927.0": {
      "integrity": "sha512-QOtR9QdjNeC7bId3fc/6MnqoEezvQ2Fk+x6F+Auf7NhOxwYAtB1nvh0k3+gJHWVGpfxN1I8keahRZd79U68/ag==",
      "dependencies": [
        "@aws-sdk/types",
        "@aws-sdk/xml-builder",
        "@smithy/core",
        "@smithy/node-config-provider",
        "@smithy/property-provider",
        "@smithy/protocol-http",
        "@smithy/signature-v4",
        "@smithy/smithy-client",
        "@smithy/types",
        "@smithy/util-base64",
        "@smithy/util-middleware",
        "@smithy/util-utf8@4.2.0",
        "tslib"
      ]
    },
    "@aws-sdk/credential-provider-env@3.927.0": {
      "integrity": "sha512-bAllBpmaWINpf0brXQWh/hjkBctapknZPYb3FJRlBHytEGHi7TpgqBXi8riT0tc6RVWChhnw58rQz22acOmBuw==",
      "dependencies": [
        "@aws-sdk/core",
        "@aws-sdk/types",
        "@smithy/property-provider",
        "@smithy/types",
        "tslib"
      ]
    },
    "@aws-sdk/credential-provider-http@3.927.0": {
      "integrity": "sha512-jEvb8C7tuRBFhe8vZY9vm9z6UQnbP85IMEt3Qiz0dxAd341Hgu0lOzMv5mSKQ5yBnTLq+t3FPKgD9tIiHLqxSQ==",
      "dependencies": [
        "@aws-sdk/core",
        "@aws-sdk/types",
        "@smithy/fetch-http-handler",
        "@smithy/node-http-handler",
        "@smithy/property-provider",
        "@smithy/protocol-http",
        "@smithy/smithy-client",
        "@smithy/types",
        "@smithy/util-stream",
        "tslib"
      ]
    },
    "@aws-sdk/credential-provider-ini@3.927.0": {
      "integrity": "sha512-WvliaKYT7bNLiryl/FsZyUwRGBo/CWtboekZWvSfloAb+0SKFXWjmxt3z+Y260aoaPm/LIzEyslDHfxqR9xCJQ==",
      "dependencies": [
        "@aws-sdk/core",
        "@aws-sdk/credential-provider-env",
        "@aws-sdk/credential-provider-http",
        "@aws-sdk/credential-provider-process",
        "@aws-sdk/credential-provider-sso",
        "@aws-sdk/credential-provider-web-identity",
        "@aws-sdk/nested-clients",
        "@aws-sdk/types",
        "@smithy/credential-provider-imds",
        "@smithy/property-provider",
        "@smithy/shared-ini-file-loader",
        "@smithy/types",
        "tslib"
      ]
    },
    "@aws-sdk/credential-provider-node@3.927.0": {
      "integrity": "sha512-M6BLrI+WHQ7PUY1aYu2OkI/KEz9aca+05zyycACk7cnlHlZaQ3vTFd0xOqF+A1qaenQBuxApOTs7Z21pnPUo9Q==",
      "dependencies": [
        "@aws-sdk/credential-provider-env",
        "@aws-sdk/credential-provider-http",
        "@aws-sdk/credential-provider-ini",
        "@aws-sdk/credential-provider-process",
        "@aws-sdk/credential-provider-sso",
        "@aws-sdk/credential-provider-web-identity",
        "@aws-sdk/types",
        "@smithy/credential-provider-imds",
        "@smithy/property-provider",
        "@smithy/shared-ini-file-loader",
        "@smithy/types",
        "tslib"
      ]
    },
    "@aws-sdk/credential-provider-process@3.927.0": {
      "integrity": "sha512-rvqdZIN3TRhLKssufN5G2EWLMBct3ZebOBdwr0tuOoPEdaYflyXYYUScu+Beb541CKfXaFnEOlZokq12r7EPcQ==",
      "dependencies": [
        "@aws-sdk/core",
        "@aws-sdk/types",
        "@smithy/property-provider",
        "@smithy/shared-ini-file-loader",
        "@smithy/types",
        "tslib"
      ]
    },
    "@aws-sdk/credential-provider-sso@3.927.0": {
      "integrity": "sha512-XrCuncze/kxZE6WYEWtNMGtrJvJtyhUqav4xQQ9PJcNjxCUYiIRv7Gwkt7cuwJ1HS+akQj+JiZmljAg97utfDw==",
      "dependencies": [
        "@aws-sdk/client-sso",
        "@aws-sdk/core",
        "@aws-sdk/token-providers",
        "@aws-sdk/types",
        "@smithy/property-provider",
        "@smithy/shared-ini-file-loader",
        "@smithy/types",
        "tslib"
      ]
    },
    "@aws-sdk/credential-provider-web-identity@3.927.0": {
      "integrity": "sha512-Oh/aFYjZQsIiZ2PQEgTNvqEE/mmOYxZKZzXV86qrU3jBUfUUBvprUZc684nBqJbSKPwM5jCZtxiRYh+IrZDE7A==",
      "dependencies": [
        "@aws-sdk/core",
        "@aws-sdk/nested-clients",
        "@aws-sdk/types",
        "@smithy/property-provider",
        "@smithy/shared-ini-file-loader",
        "@smithy/types",
        "tslib"
      ]
    },
    "@aws-sdk/middleware-bucket-endpoint@3.922.0": {
      "integrity": "sha512-Dpr2YeOaLFqt3q1hocwBesynE3x8/dXZqXZRuzSX/9/VQcwYBFChHAm4mTAl4zuvArtDbLrwzWSxmOWYZGtq5w==",
      "dependencies": [
        "@aws-sdk/types",
        "@aws-sdk/util-arn-parser",
        "@smithy/node-config-provider",
        "@smithy/protocol-http",
        "@smithy/types",
        "@smithy/util-config-provider",
        "tslib"
      ]
    },
    "@aws-sdk/middleware-expect-continue@3.922.0": {
      "integrity": "sha512-xmnLWMtmHJHJBupSWMUEW1gyxuRIeQ1Ov2xa8Tqq77fPr4Ft2AluEwiDMaZIMHoAvpxWKEEt9Si59Li7GIA+bQ==",
      "dependencies": [
        "@aws-sdk/types",
        "@smithy/protocol-http",
        "@smithy/types",
        "tslib"
      ]
    },
    "@aws-sdk/middleware-flexible-checksums@3.927.0": {
      "integrity": "sha512-f6R2Rn5gl+B7S3BOCKjv5ZwI1RsHXXHf8pecRW3n1EZjDR/BA5TiUso57DC2I9myR53qp2gADsgQ248tQdZb2g==",
      "dependencies": [
        "@aws-crypto/crc32",
        "@aws-crypto/crc32c",
        "@aws-crypto/util",
        "@aws-sdk/core",
        "@aws-sdk/types",
        "@smithy/is-array-buffer@4.2.0",
        "@smithy/node-config-provider",
        "@smithy/protocol-http",
        "@smithy/types",
        "@smithy/util-middleware",
        "@smithy/util-stream",
        "@smithy/util-utf8@4.2.0",
        "tslib"
      ]
    },
    "@aws-sdk/middleware-host-header@3.922.0": {
      "integrity": "sha512-HPquFgBnq/KqKRVkiuCt97PmWbKtxQ5iUNLEc6FIviqOoZTmaYG3EDsIbuFBz9C4RHJU4FKLmHL2bL3FEId6AA==",
      "dependencies": [
        "@aws-sdk/types",
        "@smithy/protocol-http",
        "@smithy/types",
        "tslib"
      ]
    },
    "@aws-sdk/middleware-location-constraint@3.922.0": {
      "integrity": "sha512-T4iqd7WQ2DDjCH/0s50mnhdoX+IJns83ZE+3zj9IDlpU0N2aq8R91IG890qTfYkUEdP9yRm0xir/CNed+v6Dew==",
      "dependencies": [
        "@aws-sdk/types",
        "@smithy/types",
        "tslib"
      ]
    },
    "@aws-sdk/middleware-logger@3.922.0": {
      "integrity": "sha512-AkvYO6b80FBm5/kk2E636zNNcNgjztNNUxpqVx+huyGn9ZqGTzS4kLqW2hO6CBe5APzVtPCtiQsXL24nzuOlAg==",
      "dependencies": [
        "@aws-sdk/types",
        "@smithy/types",
        "tslib"
      ]
    },
    "@aws-sdk/middleware-recursion-detection@3.922.0": {
      "integrity": "sha512-TtSCEDonV/9R0VhVlCpxZbp/9sxQvTTRKzIf8LxW3uXpby6Wl8IxEciBJlxmSkoqxh542WRcko7NYODlvL/gDA==",
      "dependencies": [
        "@aws-sdk/types",
        "@aws/lambda-invoke-store",
        "@smithy/protocol-http",
        "@smithy/types",
        "tslib"
      ]
    },
    "@aws-sdk/middleware-sdk-s3@3.927.0": {
      "integrity": "sha512-kl39er2nUDIw21jxniBxCOnsw1m6gz7juuIn1cIyOAkUyPkkDpQT9+vTFpJcyNDkW+USxykBNe7HIXNiCKLyUg==",
      "dependencies": [
        "@aws-sdk/core",
        "@aws-sdk/types",
        "@aws-sdk/util-arn-parser",
        "@smithy/core",
        "@smithy/node-config-provider",
        "@smithy/protocol-http",
        "@smithy/signature-v4",
        "@smithy/smithy-client",
        "@smithy/types",
        "@smithy/util-config-provider",
        "@smithy/util-middleware",
        "@smithy/util-stream",
        "@smithy/util-utf8@4.2.0",
        "tslib"
      ]
    },
    "@aws-sdk/middleware-ssec@3.922.0": {
      "integrity": "sha512-eHvSJZTSRJO+/tjjGD6ocnPc8q9o3m26+qbwQTu/4V6yOJQ1q+xkDZNqwJQphL+CodYaQ7uljp8g1Ji/AN3D9w==",
      "dependencies": [
        "@aws-sdk/types",
        "@smithy/types",
        "tslib"
      ]
    },
    "@aws-sdk/middleware-user-agent@3.927.0": {
      "integrity": "sha512-sv6St9EgEka6E7y19UMCsttFBZ8tsmz2sstgRd7LztlX3wJynpeDUhq0gtedguG1lGZY/gDf832k5dqlRLUk7g==",
      "dependencies": [
        "@aws-sdk/core",
        "@aws-sdk/types",
        "@aws-sdk/util-endpoints",
        "@smithy/core",
        "@smithy/protocol-http",
        "@smithy/types",
        "tslib"
      ]
    },
    "@aws-sdk/nested-clients@3.927.0": {
      "integrity": "sha512-Oy6w7+fzIdr10DhF/HpfVLy6raZFTdiE7pxS1rvpuj2JgxzW2y6urm2sYf3eLOpMiHyuG4xUBwFiJpU9CCEvJA==",
      "dependencies": [
        "@aws-crypto/sha256-browser",
        "@aws-crypto/sha256-js",
        "@aws-sdk/core",
        "@aws-sdk/middleware-host-header",
        "@aws-sdk/middleware-logger",
        "@aws-sdk/middleware-recursion-detection",
        "@aws-sdk/middleware-user-agent",
        "@aws-sdk/region-config-resolver",
        "@aws-sdk/types",
        "@aws-sdk/util-endpoints",
        "@aws-sdk/util-user-agent-browser",
        "@aws-sdk/util-user-agent-node",
        "@smithy/config-resolver",
        "@smithy/core",
        "@smithy/fetch-http-handler",
        "@smithy/hash-node",
        "@smithy/invalid-dependency",
        "@smithy/middleware-content-length",
        "@smithy/middleware-endpoint",
        "@smithy/middleware-retry",
        "@smithy/middleware-serde",
        "@smithy/middleware-stack",
        "@smithy/node-config-provider",
        "@smithy/node-http-handler",
        "@smithy/protocol-http",
        "@smithy/smithy-client",
        "@smithy/types",
        "@smithy/url-parser",
        "@smithy/util-base64",
        "@smithy/util-body-length-browser",
        "@smithy/util-body-length-node",
        "@smithy/util-defaults-mode-browser",
        "@smithy/util-defaults-mode-node",
        "@smithy/util-endpoints",
        "@smithy/util-middleware",
        "@smithy/util-retry",
        "@smithy/util-utf8@4.2.0",
        "tslib"
      ]
    },
    "@aws-sdk/region-config-resolver@3.925.0": {
      "integrity": "sha512-FOthcdF9oDb1pfQBRCfWPZhJZT5wqpvdAS5aJzB1WDZ+6EuaAhLzLH/fW1slDunIqq1PSQGG3uSnVglVVOvPHQ==",
      "dependencies": [
        "@aws-sdk/types",
        "@smithy/config-resolver",
        "@smithy/node-config-provider",
        "@smithy/types",
        "tslib"
      ]
    },
    "@aws-sdk/signature-v4-multi-region@3.927.0": {
      "integrity": "sha512-P0TZxFhNxj2V9LtR9vk8b3RVbnKt7HkPRptnZafpKjvG6VhWch8bDmrEveCIT8XP2vSUc/5O6a7S3MuPPgnTJA==",
      "dependencies": [
        "@aws-sdk/middleware-sdk-s3",
        "@aws-sdk/types",
        "@smithy/protocol-http",
        "@smithy/signature-v4",
        "@smithy/types",
        "tslib"
      ]
    },
    "@aws-sdk/token-providers@3.927.0": {
      "integrity": "sha512-JRdaprkZjZ6EY4WVwsZaEjPUj9W9vqlSaFDm4oD+IbwlY4GjAXuUQK6skKcvVyoOsSTvJp/CaveSws2FiWUp9Q==",
      "dependencies": [
        "@aws-sdk/core",
        "@aws-sdk/nested-clients",
        "@aws-sdk/types",
        "@smithy/property-provider",
        "@smithy/shared-ini-file-loader",
        "@smithy/types",
        "tslib"
      ]
    },
    "@aws-sdk/types@3.922.0": {
      "integrity": "sha512-eLA6XjVobAUAMivvM7DBL79mnHyrm+32TkXNWZua5mnxF+6kQCfblKKJvxMZLGosO53/Ex46ogim8IY5Nbqv2w==",
      "dependencies": [
        "@smithy/types",
        "tslib"
      ]
    },
    "@aws-sdk/util-arn-parser@3.893.0": {
      "integrity": "sha512-u8H4f2Zsi19DGnwj5FSZzDMhytYF/bCh37vAtBsn3cNDL3YG578X5oc+wSX54pM3tOxS+NY7tvOAo52SW7koUA==",
      "dependencies": [
        "tslib"
      ]
    },
    "@aws-sdk/util-endpoints@3.922.0": {
      "integrity": "sha512-4ZdQCSuNMY8HMlR1YN4MRDdXuKd+uQTeKIr5/pIM+g3TjInZoj8imvXudjcrFGA63UF3t92YVTkBq88mg58RXQ==",
      "dependencies": [
        "@aws-sdk/types",
        "@smithy/types",
        "@smithy/url-parser",
        "@smithy/util-endpoints",
        "tslib"
      ]
    },
    "@aws-sdk/util-locate-window@3.893.0": {
      "integrity": "sha512-T89pFfgat6c8nMmpI8eKjBcDcgJq36+m9oiXbcUzeU55MP9ZuGgBomGjGnHaEyF36jenW9gmg3NfZDm0AO2XPg==",
      "dependencies": [
        "tslib"
      ]
    },
    "@aws-sdk/util-user-agent-browser@3.922.0": {
      "integrity": "sha512-qOJAERZ3Plj1st7M4Q5henl5FRpE30uLm6L9edZqZXGR6c7ry9jzexWamWVpQ4H4xVAVmiO9dIEBAfbq4mduOA==",
      "dependencies": [
        "@aws-sdk/types",
        "@smithy/types",
        "bowser",
        "tslib"
      ]
    },
    "@aws-sdk/util-user-agent-node@3.927.0": {
      "integrity": "sha512-5Ty+29jBTHg1mathEhLJavzA7A7vmhephRYGenFzo8rApLZh+c+MCAqjddSjdDzcf5FH+ydGGnIrj4iIfbZIMQ==",
      "dependencies": [
        "@aws-sdk/middleware-user-agent",
        "@aws-sdk/types",
        "@smithy/node-config-provider",
        "@smithy/types",
        "tslib"
      ]
    },
    "@aws-sdk/xml-builder@3.921.0": {
      "integrity": "sha512-LVHg0jgjyicKKvpNIEMXIMr1EBViESxcPkqfOlT+X1FkmUMTNZEEVF18tOJg4m4hV5vxtkWcqtr4IEeWa1C41Q==",
      "dependencies": [
        "@smithy/types",
        "fast-xml-parser",
        "tslib"
      ]
    },
    "@aws/lambda-invoke-store@0.1.1": {
      "integrity": "sha512-RcLam17LdlbSOSp9VxmUu1eI6Mwxp+OwhD2QhiSNmNCzoDb0EeUXTD2n/WbcnrAYMGlmf05th6QYq23VqvJqpA=="
    },
    "@emnapi/runtime@0.44.0": {
      "integrity": "sha512-ZX/etZEZw8DR7zAB1eVQT40lNo0jeqpb6dCgOvctB6FIQ5PoXfMuNY8+ayQfu8tNQbAB8gQWSSJupR8NxeiZXw==",
      "dependencies": [
        "tslib"
      ]
    },
    "@img/sharp-darwin-arm64@0.33.1": {
      "integrity": "sha512-esr2BZ1x0bo+wl7Gx2hjssYhjrhUsD88VQulI0FrG8/otRQUOxLWHMBd1Y1qo2Gfg2KUvXNpT0ASnV9BzJCexw==",
      "optionalDependencies": [
        "@img/sharp-libvips-darwin-arm64"
      ],
      "os": ["darwin"],
      "cpu": ["arm64"]
    },
    "@img/sharp-darwin-x64@0.33.1": {
      "integrity": "sha512-YrnuB3bXuWdG+hJlXtq7C73lF8ampkhU3tMxg5Hh+E7ikxbUVOU9nlNtVTloDXz6pRHt2y2oKJq7DY/yt+UXYw==",
      "optionalDependencies": [
        "@img/sharp-libvips-darwin-x64"
      ],
      "os": ["darwin"],
      "cpu": ["x64"]
    },
    "@img/sharp-libvips-darwin-arm64@1.0.0": {
      "integrity": "sha512-VzYd6OwnUR81sInf3alj1wiokY50DjsHz5bvfnsFpxs5tqQxESoHtJO6xyksDs3RIkyhMWq2FufXo6GNSU9BMw==",
      "os": ["darwin"],
      "cpu": ["arm64"]
    },
    "@img/sharp-libvips-darwin-x64@1.0.0": {
      "integrity": "sha512-dD9OznTlHD6aovRswaPNEy8dKtSAmNo4++tO7uuR4o5VxbVAOoEQ1uSmN4iFAdQneTHws1lkTZeiXPrcCkh6IA==",
      "os": ["darwin"],
      "cpu": ["x64"]
    },
    "@img/sharp-libvips-linux-arm64@1.0.0": {
      "integrity": "sha512-xTYThiqEZEZc0PRU90yVtM3KE7lw1bKdnDQ9kCTHWbqWyHOe4NpPOtMGy27YnN51q0J5dqRrvicfPbALIOeAZA==",
      "os": ["linux"],
      "cpu": ["arm64"]
    },
    "@img/sharp-libvips-linux-arm@1.0.0": {
      "integrity": "sha512-VwgD2eEikDJUk09Mn9Dzi1OW2OJFRQK+XlBTkUNmAWPrtj8Ly0yq05DFgu1VCMx2/DqCGQVi5A1dM9hTmxf3uw==",
      "os": ["linux"],
      "cpu": ["arm"]
    },
    "@img/sharp-libvips-linux-s390x@1.0.0": {
      "integrity": "sha512-o9E46WWBC6JsBlwU4QyU9578G77HBDT1NInd+aERfxeOPbk0qBZHgoDsQmA2v9TbqJRWzoBPx1aLOhprBMgPjw==",
      "os": ["linux"],
      "cpu": ["s390x"]
    },
    "@img/sharp-libvips-linux-x64@1.0.0": {
      "integrity": "sha512-naldaJy4hSVhWBgEjfdBY85CAa4UO+W1nx6a1sWStHZ7EUfNiuBTTN2KUYT5dH1+p/xij1t2QSXfCiFJoC5S/Q==",
      "os": ["linux"],
      "cpu": ["x64"]
    },
    "@img/sharp-libvips-linuxmusl-arm64@1.0.0": {
      "integrity": "sha512-OdorplCyvmSAPsoJLldtLh3nLxRrkAAAOHsGWGDYfN0kh730gifK+UZb3dWORRa6EusNqCTjfXV4GxvgJ/nPDQ==",
      "os": ["linux"],
      "cpu": ["arm64"]
    },
    "@img/sharp-libvips-linuxmusl-x64@1.0.0": {
      "integrity": "sha512-FW8iK6rJrg+X2jKD0Ajhjv6y74lToIBEvkZhl42nZt563FfxkCYacrXZtd+q/sRQDypQLzY5WdLkVTbJoPyqNg==",
      "os": ["linux"],
      "cpu": ["x64"]
    },
    "@img/sharp-linux-arm64@0.33.1": {
      "integrity": "sha512-59B5GRO2d5N3tIfeGHAbJps7cLpuWEQv/8ySd9109ohQ3kzyCACENkFVAnGPX00HwPTQcaBNF7HQYEfZyZUFfw==",
      "optionalDependencies": [
        "@img/sharp-libvips-linux-arm64"
      ],
      "os": ["linux"],
      "cpu": ["arm64"]
    },
    "@img/sharp-linux-arm@0.33.1": {
      "integrity": "sha512-Ii4X1vnzzI4j0+cucsrYA5ctrzU9ciXERfJR633S2r39CiD8npqH2GMj63uFZRCFt3E687IenAdbwIpQOJ5BNA==",
      "optionalDependencies": [
        "@img/sharp-libvips-linux-arm"
      ],
      "os": ["linux"],
      "cpu": ["arm"]
    },
    "@img/sharp-linux-s390x@0.33.1": {
      "integrity": "sha512-tRGrb2pHnFUXpOAj84orYNxHADBDIr0J7rrjwQrTNMQMWA4zy3StKmMvwsI7u3dEZcgwuMMooIIGWEWOjnmG8A==",
      "optionalDependencies": [
        "@img/sharp-libvips-linux-s390x"
      ],
      "os": ["linux"],
      "cpu": ["s390x"]
    },
    "@img/sharp-linux-x64@0.33.1": {
      "integrity": "sha512-4y8osC0cAc1TRpy02yn5omBeloZZwS62fPZ0WUAYQiLhSFSpWJfY/gMrzKzLcHB9ulUV6ExFiu2elMaixKDbeg==",
      "optionalDependencies": [
        "@img/sharp-libvips-linux-x64"
      ],
      "os": ["linux"],
      "cpu": ["x64"]
    },
    "@img/sharp-linuxmusl-arm64@0.33.1": {
      "integrity": "sha512-D3lV6clkqIKUizNS8K6pkuCKNGmWoKlBGh5p0sLO2jQERzbakhu4bVX1Gz+RS4vTZBprKlWaf+/Rdp3ni2jLfA==",
      "optionalDependencies": [
        "@img/sharp-libvips-linuxmusl-arm64"
      ],
      "os": ["linux"],
      "cpu": ["arm64"]
    },
    "@img/sharp-linuxmusl-x64@0.33.1": {
      "integrity": "sha512-LOGKNu5w8uu1evVqUAUKTix2sQu1XDRIYbsi5Q0c/SrXhvJ4QyOx+GaajxmOg5PZSsSnCYPSmhjHHsRBx06/wQ==",
      "optionalDependencies": [
        "@img/sharp-libvips-linuxmusl-x64"
      ],
      "os": ["linux"],
      "cpu": ["x64"]
    },
    "@img/sharp-wasm32@0.33.1": {
      "integrity": "sha512-vWI/sA+0p+92DLkpAMb5T6I8dg4z2vzCUnp8yvxHlwBpzN8CIcO3xlSXrLltSvK6iMsVMNswAv+ub77rsf25lA==",
      "dependencies": [
        "@emnapi/runtime"
      ],
      "cpu": ["wasm32"]
    },
    "@img/sharp-win32-ia32@0.33.1": {
      "integrity": "sha512-/xhYkylsKL05R+NXGJc9xr2Tuw6WIVl2lubFJaFYfW4/MQ4J+dgjIo/T4qjNRizrqs/szF/lC9a5+updmY9jaQ==",
      "os": ["win32"],
      "cpu": ["ia32"]
    },
    "@img/sharp-win32-x64@0.33.1": {
      "integrity": "sha512-XaM69X0n6kTEsp9tVYYLhXdg7Qj32vYJlAKRutxUsm1UlgQNx6BOhHwZPwukCGXBU2+tH87ip2eV1I/E8MQnZg==",
      "os": ["win32"],
      "cpu": ["x64"]
    },
    "@smithy/abort-controller@4.2.4": {
      "integrity": "sha512-Z4DUr/AkgyFf1bOThW2HwzREagee0sB5ycl+hDiSZOfRLW8ZgrOjDi6g8mHH19yyU5E2A/64W3z6SMIf5XiUSQ==",
      "dependencies": [
        "@smithy/types",
        "tslib"
      ]
    },
    "@smithy/chunked-blob-reader-native@4.2.1": {
      "integrity": "sha512-lX9Ay+6LisTfpLid2zZtIhSEjHMZoAR5hHCR4H7tBz/Zkfr5ea8RcQ7Tk4mi0P76p4cN+Btz16Ffno7YHpKXnQ==",
      "dependencies": [
        "@smithy/util-base64",
        "tslib"
      ]
    },
    "@smithy/chunked-blob-reader@5.2.0": {
      "integrity": "sha512-WmU0TnhEAJLWvfSeMxBNe5xtbselEO8+4wG0NtZeL8oR21WgH1xiO37El+/Y+H/Ie4SCwBy3MxYWmOYaGgZueA==",
      "dependencies": [
        "tslib"
      ]
    },
    "@smithy/config-resolver@4.4.2": {
      "integrity": "sha512-4Jys0ni2tB2VZzgslbEgszZyMdTkPOFGA8g+So/NjR8oy6Qwaq4eSwsrRI+NMtb0Dq4kqCzGUu/nGUx7OM/xfw==",
      "dependencies": [
        "@smithy/node-config-provider",
        "@smithy/types",
        "@smithy/util-config-provider",
        "@smithy/util-endpoints",
        "@smithy/util-middleware",
        "tslib"
      ]
    },
    "@smithy/core@3.17.2": {
      "integrity": "sha512-n3g4Nl1Te+qGPDbNFAYf+smkRVB+JhFsGy9uJXXZQEufoP4u0r+WLh6KvTDolCswaagysDc/afS1yvb2jnj1gQ==",
      "dependencies": [
        "@smithy/middleware-serde",
        "@smithy/protocol-http",
        "@smithy/types",
        "@smithy/util-base64",
        "@smithy/util-body-length-browser",
        "@smithy/util-middleware",
        "@smithy/util-stream",
        "@smithy/util-utf8@4.2.0",
        "@smithy/uuid",
        "tslib"
      ]
    },
    "@smithy/credential-provider-imds@4.2.4": {
      "integrity": "sha512-YVNMjhdz2pVto5bRdux7GMs0x1m0Afz3OcQy/4Yf9DH4fWOtroGH7uLvs7ZmDyoBJzLdegtIPpXrpJOZWvUXdw==",
      "dependencies": [
        "@smithy/node-config-provider",
        "@smithy/property-provider",
        "@smithy/types",
        "@smithy/url-parser",
        "tslib"
      ]
    },
    "@smithy/eventstream-codec@4.2.4": {
      "integrity": "sha512-aV8blR9RBDKrOlZVgjOdmOibTC2sBXNiT7WA558b4MPdsLTV6sbyc1WIE9QiIuYMJjYtnPLciefoqSW8Gi+MZQ==",
      "dependencies": [
        "@aws-crypto/crc32",
        "@smithy/types",
        "@smithy/util-hex-encoding",
        "tslib"
      ]
    },
    "@smithy/eventstream-serde-browser@4.2.4": {
      "integrity": "sha512-d5T7ZS3J/r8P/PDjgmCcutmNxnSRvPH1U6iHeXjzI50sMr78GLmFcrczLw33Ap92oEKqa4CLrkAPeSSOqvGdUA==",
      "dependencies": [
        "@smithy/eventstream-serde-universal",
        "@smithy/types",
        "tslib"
      ]
    },
    "@smithy/eventstream-serde-config-resolver@4.3.4": {
      "integrity": "sha512-lxfDT0UuSc1HqltOGsTEAlZ6H29gpfDSdEPTapD5G63RbnYToZ+ezjzdonCCH90j5tRRCw3aLXVbiZaBW3VRVg==",
      "dependencies": [
        "@smithy/types",
        "tslib"
      ]
    },
    "@smithy/eventstream-serde-node@4.2.4": {
      "integrity": "sha512-TPhiGByWnYyzcpU/K3pO5V7QgtXYpE0NaJPEZBCa1Y5jlw5SjqzMSbFiLb+ZkJhqoQc0ImGyVINqnq1ze0ZRcQ==",
      "dependencies": [
        "@smithy/eventstream-serde-universal",
        "@smithy/types",
        "tslib"
      ]
    },
    "@smithy/eventstream-serde-universal@4.2.4": {
      "integrity": "sha512-GNI/IXaY/XBB1SkGBFmbW033uWA0tj085eCxYih0eccUe/PFR7+UBQv9HNDk2fD9TJu7UVsCWsH99TkpEPSOzQ==",
      "dependencies": [
        "@smithy/eventstream-codec",
        "@smithy/types",
        "tslib"
      ]
    },
    "@smithy/fetch-http-handler@5.3.5": {
      "integrity": "sha512-mg83SM3FLI8Sa2ooTJbsh5MFfyMTyNRwxqpKHmE0ICRIa66Aodv80DMsTQI02xBLVJ0hckwqTRr5IGAbbWuFLQ==",
      "dependencies": [
        "@smithy/protocol-http",
        "@smithy/querystring-builder",
        "@smithy/types",
        "@smithy/util-base64",
        "tslib"
      ]
    },
    "@smithy/hash-blob-browser@4.2.5": {
      "integrity": "sha512-kCdgjD2J50qAqycYx0imbkA9tPtyQr1i5GwbK/EOUkpBmJGSkJe4mRJm+0F65TUSvvui1HZ5FFGFCND7l8/3WQ==",
      "dependencies": [
        "@smithy/chunked-blob-reader",
        "@smithy/chunked-blob-reader-native",
        "@smithy/types",
        "tslib"
      ]
    },
    "@smithy/hash-node@4.2.4": {
      "integrity": "sha512-kKU0gVhx/ppVMntvUOZE7WRMFW86HuaxLwvqileBEjL7PoILI8/djoILw3gPQloGVE6O0oOzqafxeNi2KbnUJw==",
      "dependencies": [
        "@smithy/types",
        "@smithy/util-buffer-from@4.2.0",
        "@smithy/util-utf8@4.2.0",
        "tslib"
      ]
    },
    "@smithy/hash-stream-node@4.2.4": {
      "integrity": "sha512-amuh2IJiyRfO5MV0X/YFlZMD6banjvjAwKdeJiYGUbId608x+oSNwv3vlyW2Gt6AGAgl3EYAuyYLGRX/xU8npQ==",
      "dependencies": [
        "@smithy/types",
        "@smithy/util-utf8@4.2.0",
        "tslib"
      ]
    },
    "@smithy/invalid-dependency@4.2.4": {
      "integrity": "sha512-z6aDLGiHzsMhbS2MjetlIWopWz//K+mCoPXjW6aLr0mypF+Y7qdEh5TyJ20Onf9FbWHiWl4eC+rITdizpnXqOw==",
      "dependencies": [
        "@smithy/types",
        "tslib"
      ]
    },
    "@smithy/is-array-buffer@2.2.0": {
      "integrity": "sha512-GGP3O9QFD24uGeAXYUjwSTXARoqpZykHadOmA8G5vfJPK0/DC67qa//0qvqrJzL1xc8WQWX7/yc7fwudjPHPhA==",
      "dependencies": [
        "tslib"
      ]
    },
    "@smithy/is-array-buffer@4.2.0": {
      "integrity": "sha512-DZZZBvC7sjcYh4MazJSGiWMI2L7E0oCiRHREDzIxi/M2LY79/21iXt6aPLHge82wi5LsuRF5A06Ds3+0mlh6CQ==",
      "dependencies": [
        "tslib"
      ]
    },
    "@smithy/md5-js@4.2.4": {
      "integrity": "sha512-h7kzNWZuMe5bPnZwKxhVbY1gan5+TZ2c9JcVTHCygB14buVGOZxLl+oGfpY2p2Xm48SFqEWdghpvbBdmaz3ncQ==",
      "dependencies": [
        "@smithy/types",
        "@smithy/util-utf8@4.2.0",
        "tslib"
      ]
    },
    "@smithy/middleware-content-length@4.2.4": {
      "integrity": "sha512-hJRZuFS9UsElX4DJSJfoX4M1qXRH+VFiLMUnhsWvtOOUWRNvvOfDaUSdlNbjwv1IkpVjj/Rd/O59Jl3nhAcxow==",
      "dependencies": [
        "@smithy/protocol-http",
        "@smithy/types",
        "tslib"
      ]
    },
    "@smithy/middleware-endpoint@4.3.6": {
      "integrity": "sha512-PXehXofGMFpDqr933rxD8RGOcZ0QBAWtuzTgYRAHAL2BnKawHDEdf/TnGpcmfPJGwonhginaaeJIKluEojiF/w==",
      "dependencies": [
        "@smithy/core",
        "@smithy/middleware-serde",
        "@smithy/node-config-provider",
        "@smithy/shared-ini-file-loader",
        "@smithy/types",
        "@smithy/url-parser",
        "@smithy/util-middleware",
        "tslib"
      ]
    },
    "@smithy/middleware-retry@4.4.6": {
      "integrity": "sha512-OhLx131znrEDxZPAvH/OYufR9d1nB2CQADyYFN4C3V/NQS7Mg4V6uvxHC/Dr96ZQW8IlHJTJ+vAhKt6oxWRndA==",
      "dependencies": [
        "@smithy/node-config-provider",
        "@smithy/protocol-http",
        "@smithy/service-error-classification",
        "@smithy/smithy-client",
        "@smithy/types",
        "@smithy/util-middleware",
        "@smithy/util-retry",
        "@smithy/uuid",
        "tslib"
      ]
    },
    "@smithy/middleware-serde@4.2.4": {
      "integrity": "sha512-jUr3x2CDhV15TOX2/Uoz4gfgeqLrRoTQbYAuhLS7lcVKNev7FeYSJ1ebEfjk+l9kbb7k7LfzIR/irgxys5ZTOg==",
      "dependencies": [
        "@smithy/protocol-http",
        "@smithy/types",
        "tslib"
      ]
    },
    "@smithy/middleware-stack@4.2.4": {
      "integrity": "sha512-Gy3TKCOnm9JwpFooldwAboazw+EFYlC+Bb+1QBsSi5xI0W5lX81j/P5+CXvD/9ZjtYKRgxq+kkqd/KOHflzvgA==",
      "dependencies": [
        "@smithy/types",
        "tslib"
      ]
    },
    "@smithy/node-config-provider@4.3.4": {
      "integrity": "sha512-3X3w7qzmo4XNNdPKNS4nbJcGSwiEMsNsRSunMA92S4DJLLIrH5g1AyuOA2XKM9PAPi8mIWfqC+fnfKNsI4KvHw==",
      "dependencies": [
        "@smithy/property-provider",
        "@smithy/shared-ini-file-loader",
        "@smithy/types",
        "tslib"
      ]
    },
    "@smithy/node-http-handler@4.4.4": {
      "integrity": "sha512-VXHGfzCXLZeKnFp6QXjAdy+U8JF9etfpUXD1FAbzY1GzsFJiDQRQIt2CnMUvUdz3/YaHNqT3RphVWMUpXTIODA==",
      "dependencies": [
        "@smithy/abort-controller",
        "@smithy/protocol-http",
        "@smithy/querystring-builder",
        "@smithy/types",
        "tslib"
      ]
    },
    "@smithy/property-provider@4.2.4": {
      "integrity": "sha512-g2DHo08IhxV5GdY3Cpt/jr0mkTlAD39EJKN27Jb5N8Fb5qt8KG39wVKTXiTRCmHHou7lbXR8nKVU14/aRUf86w==",
      "dependencies": [
        "@smithy/types",
        "tslib"
      ]
    },
    "@smithy/protocol-http@5.3.4": {
      "integrity": "sha512-3sfFd2MAzVt0Q/klOmjFi3oIkxczHs0avbwrfn1aBqtc23WqQSmjvk77MBw9WkEQcwbOYIX5/2z4ULj8DuxSsw==",
      "dependencies": [
        "@smithy/types",
        "tslib"
      ]
    },
    "@smithy/querystring-builder@4.2.4": {
      "integrity": "sha512-KQ1gFXXC+WsbPFnk7pzskzOpn4s+KheWgO3dzkIEmnb6NskAIGp/dGdbKisTPJdtov28qNDohQrgDUKzXZBLig==",
      "dependencies": [
        "@smithy/types",
        "@smithy/util-uri-escape",
        "tslib"
      ]
    },
    "@smithy/querystring-parser@4.2.4": {
      "integrity": "sha512-aHb5cqXZocdzEkZ/CvhVjdw5l4r1aU/9iMEyoKzH4eXMowT6M0YjBpp7W/+XjkBnY8Xh0kVd55GKjnPKlCwinQ==",
      "dependencies": [
        "@smithy/types",
        "tslib"
      ]
    },
    "@smithy/service-error-classification@4.2.4": {
      "integrity": "sha512-fdWuhEx4+jHLGeew9/IvqVU/fxT/ot70tpRGuOLxE3HzZOyKeTQfYeV1oaBXpzi93WOk668hjMuuagJ2/Qs7ng==",
      "dependencies": [
        "@smithy/types"
      ]
    },
    "@smithy/shared-ini-file-loader@4.3.4": {
      "integrity": "sha512-y5ozxeQ9omVjbnJo9dtTsdXj9BEvGx2X8xvRgKnV+/7wLBuYJQL6dOa/qMY6omyHi7yjt1OA97jZLoVRYi8lxA==",
      "dependencies": [
        "@smithy/types",
        "tslib"
      ]
    },
    "@smithy/signature-v4@5.3.4": {
      "integrity": "sha512-ScDCpasxH7w1HXHYbtk3jcivjvdA1VICyAdgvVqKhKKwxi+MTwZEqFw0minE+oZ7F07oF25xh4FGJxgqgShz0A==",
      "dependencies": [
        "@smithy/is-array-buffer@4.2.0",
        "@smithy/protocol-http",
        "@smithy/types",
        "@smithy/util-hex-encoding",
        "@smithy/util-middleware",
        "@smithy/util-uri-escape",
        "@smithy/util-utf8@4.2.0",
        "tslib"
      ]
    },
    "@smithy/smithy-client@4.9.2": {
      "integrity": "sha512-gZU4uAFcdrSi3io8U99Qs/FvVdRxPvIMToi+MFfsy/DN9UqtknJ1ais+2M9yR8e0ASQpNmFYEKeIKVcMjQg3rg==",
      "dependencies": [
        "@smithy/core",
        "@smithy/middleware-endpoint",
        "@smithy/middleware-stack",
        "@smithy/protocol-http",
        "@smithy/types",
        "@smithy/util-stream",
        "tslib"
      ]
    },
    "@smithy/types@4.8.1": {
      "integrity": "sha512-N0Zn0OT1zc+NA+UVfkYqQzviRh5ucWwO7mBV3TmHHprMnfcJNfhlPicDkBHi0ewbh+y3evR6cNAW0Raxvb01NA==",
      "dependencies": [
        "tslib"
      ]
    },
    "@smithy/url-parser@4.2.4": {
      "integrity": "sha512-w/N/Iw0/PTwJ36PDqU9PzAwVElo4qXxCC0eCTlUtIz/Z5V/2j/cViMHi0hPukSBHp4DVwvUlUhLgCzqSJ6plrg==",
      "dependencies": [
        "@smithy/querystring-parser",
        "@smithy/types",
        "tslib"
      ]
    },
    "@smithy/util-base64@4.3.0": {
      "integrity": "sha512-GkXZ59JfyxsIwNTWFnjmFEI8kZpRNIBfxKjv09+nkAWPt/4aGaEWMM04m4sxgNVWkbt2MdSvE3KF/PfX4nFedQ==",
      "dependencies": [
        "@smithy/util-buffer-from@4.2.0",
        "@smithy/util-utf8@4.2.0",
        "tslib"
      ]
    },
    "@smithy/util-body-length-browser@4.2.0": {
      "integrity": "sha512-Fkoh/I76szMKJnBXWPdFkQJl2r9SjPt3cMzLdOB6eJ4Pnpas8hVoWPYemX/peO0yrrvldgCUVJqOAjUrOLjbxg==",
      "dependencies": [
        "tslib"
      ]
    },
    "@smithy/util-body-length-node@4.2.1": {
      "integrity": "sha512-h53dz/pISVrVrfxV1iqXlx5pRg3V2YWFcSQyPyXZRrZoZj4R4DeWRDo1a7dd3CPTcFi3kE+98tuNyD2axyZReA==",
      "dependencies": [
        "tslib"
      ]
    },
    "@smithy/util-buffer-from@2.2.0": {
      "integrity": "sha512-IJdWBbTcMQ6DA0gdNhh/BwrLkDR+ADW5Kr1aZmd4k3DIF6ezMV4R2NIAmT08wQJ3yUK82thHWmC/TnK/wpMMIA==",
      "dependencies": [
        "@smithy/is-array-buffer@2.2.0",
        "tslib"
      ]
    },
    "@smithy/util-buffer-from@4.2.0": {
      "integrity": "sha512-kAY9hTKulTNevM2nlRtxAG2FQ3B2OR6QIrPY3zE5LqJy1oxzmgBGsHLWTcNhWXKchgA0WHW+mZkQrng/pgcCew==",
      "dependencies": [
        "@smithy/is-array-buffer@4.2.0",
        "tslib"
      ]
    },
    "@smithy/util-config-provider@4.2.0": {
      "integrity": "sha512-YEjpl6XJ36FTKmD+kRJJWYvrHeUvm5ykaUS5xK+6oXffQPHeEM4/nXlZPe+Wu0lsgRUcNZiliYNh/y7q9c2y6Q==",
      "dependencies": [
        "tslib"
      ]
    },
    "@smithy/util-defaults-mode-browser@4.3.5": {
      "integrity": "sha512-GwaGjv/QLuL/QHQaqhf/maM7+MnRFQQs7Bsl6FlaeK6lm6U7mV5AAnVabw68cIoMl5FQFyKK62u7RWRzWL25OQ==",
      "dependencies": [
        "@smithy/property-provider",
        "@smithy/smithy-client",
        "@smithy/types",
        "tslib"
      ]
    },
    "@smithy/util-defaults-mode-node@4.2.8": {
      "integrity": "sha512-gIoTf9V/nFSIZ0TtgDNLd+Ws59AJvijmMDYrOozoMHPJaG9cMRdqNO50jZTlbM6ydzQYY8L/mQ4tKSw/TB+s6g==",
      "dependencies": [
        "@smithy/config-resolver",
        "@smithy/credential-provider-imds",
        "@smithy/node-config-provider",
        "@smithy/property-provider",
        "@smithy/smithy-client",
        "@smithy/types",
        "tslib"
      ]
    },
    "@smithy/util-endpoints@3.2.4": {
      "integrity": "sha512-f+nBDhgYRCmUEDKEQb6q0aCcOTXRDqH5wWaFHJxt4anB4pKHlgGoYP3xtioKXH64e37ANUkzWf6p4Mnv1M5/Vg==",
      "dependencies": [
        "@smithy/node-config-provider",
        "@smithy/types",
        "tslib"
      ]
    },
    "@smithy/util-hex-encoding@4.2.0": {
      "integrity": "sha512-CCQBwJIvXMLKxVbO88IukazJD9a4kQ9ZN7/UMGBjBcJYvatpWk+9g870El4cB8/EJxfe+k+y0GmR9CAzkF+Nbw==",
      "dependencies": [
        "tslib"
      ]
    },
    "@smithy/util-middleware@4.2.4": {
      "integrity": "sha512-fKGQAPAn8sgV0plRikRVo6g6aR0KyKvgzNrPuM74RZKy/wWVzx3BMk+ZWEueyN3L5v5EDg+P582mKU+sH5OAsg==",
      "dependencies": [
        "@smithy/types",
        "tslib"
      ]
    },
    "@smithy/util-retry@4.2.4": {
      "integrity": "sha512-yQncJmj4dtv/isTXxRb4AamZHy4QFr4ew8GxS6XLWt7sCIxkPxPzINWd7WLISEFPsIan14zrKgvyAF+/yzfwoA==",
      "dependencies": [
        "@smithy/service-error-classification",
        "@smithy/types",
        "tslib"
      ]
    },
    "@smithy/util-stream@4.5.5": {
      "integrity": "sha512-7M5aVFjT+HPilPOKbOmQfCIPchZe4DSBc1wf1+NvHvSoFTiFtauZzT+onZvCj70xhXd0AEmYnZYmdJIuwxOo4w==",
      "dependencies": [
        "@smithy/fetch-http-handler",
        "@smithy/node-http-handler",
        "@smithy/types",
        "@smithy/util-base64",
        "@smithy/util-buffer-from@4.2.0",
        "@smithy/util-hex-encoding",
        "@smithy/util-utf8@4.2.0",
        "tslib"
      ]
    },
    "@smithy/util-uri-escape@4.2.0": {
      "integrity": "sha512-igZpCKV9+E/Mzrpq6YacdTQ0qTiLm85gD6N/IrmyDvQFA4UnU3d5g3m8tMT/6zG/vVkWSU+VxeUyGonL62DuxA==",
      "dependencies": [
        "tslib"
      ]
    },
    "@smithy/util-utf8@2.3.0": {
      "integrity": "sha512-R8Rdn8Hy72KKcebgLiv8jQcQkXoLMOGGv5uI1/k0l+snqkOzQ1R0ChUBCxWMlBsFMekWjq0wRudIweFs7sKT5A==",
      "dependencies": [
        "@smithy/util-buffer-from@2.2.0",
        "tslib"
      ]
    },
    "@smithy/util-utf8@4.2.0": {
      "integrity": "sha512-zBPfuzoI8xyBtR2P6WQj63Rz8i3AmfAaJLuNG8dWsfvPe8lO4aCPYLn879mEgHndZH1zQ2oXmG8O1GGzzaoZiw==",
      "dependencies": [
        "@smithy/util-buffer-from@4.2.0",
        "tslib"
      ]
    },
    "@smithy/util-waiter@4.2.4": {
      "integrity": "sha512-roKXtXIC6fopFvVOju8VYHtguc/jAcMlK8IlDOHsrQn0ayMkHynjm/D2DCMRf7MJFXzjHhlzg2edr3QPEakchQ==",
      "dependencies": [
        "@smithy/abort-controller",
        "@smithy/types",
        "tslib"
      ]
    },
    "@smithy/uuid@1.1.0": {
      "integrity": "sha512-4aUIteuyxtBUhVdiQqcDhKFitwfd9hqoSDYY2KRXiWtgoWJ9Bmise+KfEPDiVHWeJepvF8xJO9/9+WDIciMFFw==",
      "dependencies": [
        "tslib"
      ]
    },
    "@supabase/functions-js@2.80.0": {
      "integrity": "sha512-0S/k8LRtoblrbzy4ir9m4WuvU/XTkb1EwL/33/oJexCUHCXtsqaPJ3eKfr1GWtNqTa1zryv6sXs3Fpv7lKCsMQ==",
      "dependencies": [
        "tslib"
      ]
    },
    "@supabase/gotrue-js@2.80.0": {
      "integrity": "sha512-BLwIMT/2AAtrkVr07nG/tGjtPsZ9KhbEeC87MM8x99+EKyLflYup7nOjSrSDS6wiD4nVVFcaJ2EFhA70ASI60w==",
      "dependencies": [
        "tslib"
      ]
    },
    "@supabase/node-fetch@2.6.15": {
      "integrity": "sha512-1ibVeYUacxWYi9i0cf5efil6adJ9WRyZBLivgjs+AUpewx1F3xPi7gLgaASI2SmIQxPoCEjAsLAzKPgMJVgOUQ==",
      "dependencies": [
        "whatwg-url"
      ]
    },
    "@supabase/postgrest-js@1.21.4": {
      "integrity": "sha512-TxZCIjxk6/dP9abAi89VQbWWMBbybpGWyvmIzTd79OeravM13OjR/YEYeyUOPcM1C3QyvXkvPZhUfItvmhY1IQ==",
      "dependencies": [
        "@supabase/node-fetch"
      ]
    },
    "@supabase/realtime-js@2.80.0": {
      "integrity": "sha512-cXK6Gs4UDylN8oz40omi01QK0cSCBVj0efXC1WodpENTuDnrkUs28W8/eslEnAtlawaVtikC1Q92mpz9+o85Mg==",
      "dependencies": [
        "@types/phoenix",
        "@types/ws",
        "tslib",
        "ws"
      ]
    },
    "@supabase/storage-js@2.80.0": {
      "integrity": "sha512-Iepod83h2WoMCaLC9pGb3QOT67Kn3RlUdbXpo3uvbDKfPU8EgytS4RVaPmDjhqDjj8AGaiz9mk/ppd2Q2WS+gw==",
      "dependencies": [
        "tslib"
      ]
    },
    "@supabase/supabase-js@2.38.4": {
      "integrity": "sha512-bYwxm/GosvRqOMIv6YP7qUTZWi/trgHtDWUEZDEmyRHW24d0JYIb1GOt6RaO2hsWlecn88DAJIpjoNbprocgRA==",
      "dependencies": [
        "@supabase/functions-js",
        "@supabase/gotrue-js",
        "@supabase/node-fetch",
        "@supabase/postgrest-js",
        "@supabase/realtime-js",
        "@supabase/storage-js"
      ]
    },
    "@types/node@24.2.0": {
      "integrity": "sha512-3xyG3pMCq3oYCNg7/ZP+E1ooTaGB4cG8JWRsqqOYQdbWNY4zbaV0Ennrd7stjiJEFZCaybcIgpTjJWHRfBSIDw==",
      "dependencies": [
        "undici-types"
      ]
    },
    "@types/phoenix@1.6.6": {
      "integrity": "sha512-PIzZZlEppgrpoT2QgbnDU+MMzuR6BbCjllj0bM70lWoejMeNJAxCchxnv7J3XFkI8MpygtRpzXrIlmWUBclP5A=="
    },
    "@types/ws@8.18.1": {
      "integrity": "sha512-ThVF6DCVhA8kUGy+aazFQ4kXQ7E1Ty7A3ypFOe0IcJV8O/M511G99AW24irKrW56Wt44yG9+ij8FaqoBGkuBXg==",
      "dependencies": [
        "@types/node"
      ]
    },
    "bowser@2.12.1": {
      "integrity": "sha512-z4rE2Gxh7tvshQ4hluIT7XcFrgLIQaw9X3A+kTTRdovCz5PMukm/0QC/BKSYPj3omF5Qfypn9O/c5kgpmvYUCw=="
    },
    "color-convert@2.0.1": {
      "integrity": "sha512-RRECPsj7iu/xb5oKYcsFHSppFNnsj/52OVTRKb4zP5onXwVF3zVmmToNcOfGC+CRDpfK/U584fMg38ZHCaElKQ==",
      "dependencies": [
        "color-name"
      ]
    },
    "color-name@1.1.4": {
      "integrity": "sha512-dOy+3AuW3a2wNbZHIuMZpTcgjGuLU/uBL/ubcZF9OXbDo8ff4O8yVp5Bf0efS8uEoYo5q4Fx7dY9OgQGXgAsQA=="
    },
    "color-string@1.9.1": {
      "integrity": "sha512-shrVawQFojnZv6xM40anx4CkoDP+fZsw/ZerEMsW/pyzsRbElpsL/DBVW7q3ExxwusdNXI3lXpuhEZkzs8p5Eg==",
      "dependencies": [
        "color-name",
        "simple-swizzle"
      ]
    },
    "color@4.2.3": {
      "integrity": "sha512-1rXeuUUiGGrykh+CeBdu5Ie7OJwinCgQY0bc7GCRxy5xVHy+moaqkpL/jqQq0MtQOeYcrqEz4abc5f0KtU7W4A==",
      "dependencies": [
        "color-convert",
        "color-string"
      ]
    },
    "detect-libc@2.1.2": {
      "integrity": "sha512-Btj2BOOO83o3WyH59e8MgXsxEQVcarkUOpEYrubB0urwnN10yQ364rsiByU11nZlqWYZm05i/of7io4mzihBtQ=="
    },
    "fast-xml-parser@5.2.5": {
      "integrity": "sha512-pfX9uG9Ki0yekDHx2SiuRIyFdyAr1kMIMitPvb0YBo8SUfKvia7w7FIyd/l6av85pFYRhZscS75MwMnbvY+hcQ==",
      "dependencies": [
        "strnum"
      ],
      "bin": true
    },
    "is-arrayish@0.3.4": {
      "integrity": "sha512-m6UrgzFVUYawGBh1dUsWR5M2Clqic9RVXC/9f8ceNlv2IcO9j9J/z8UoCLPqtsPBFNzEpfR3xftohbfqDx8EQA=="
    },
    "semver@7.7.3": {
      "integrity": "sha512-SdsKMrI9TdgjdweUSR9MweHA4EJ8YxHn8DFaDisvhVlUOe4BF1tLD7GAj0lIqWVl+dPb/rExr0Btby5loQm20Q==",
      "bin": true
    },
    "sharp@0.33.1": {
      "integrity": "sha512-iAYUnOdTqqZDb3QjMneBKINTllCJDZ3em6WaWy7NPECM4aHncvqHRm0v0bN9nqJxMiwamv5KIdauJ6lUzKDpTQ==",
      "dependencies": [
        "color",
        "detect-libc",
        "semver"
      ],
      "optionalDependencies": [
        "@img/sharp-darwin-arm64",
        "@img/sharp-darwin-x64",
        "@img/sharp-libvips-darwin-arm64",
        "@img/sharp-libvips-darwin-x64",
        "@img/sharp-libvips-linux-arm",
        "@img/sharp-libvips-linux-arm64",
        "@img/sharp-libvips-linux-s390x",
        "@img/sharp-libvips-linux-x64",
        "@img/sharp-libvips-linuxmusl-arm64",
        "@img/sharp-libvips-linuxmusl-x64",
        "@img/sharp-linux-arm",
        "@img/sharp-linux-arm64",
        "@img/sharp-linux-s390x",
        "@img/sharp-linux-x64",
        "@img/sharp-linuxmusl-arm64",
        "@img/sharp-linuxmusl-x64",
        "@img/sharp-wasm32",
        "@img/sharp-win32-ia32",
        "@img/sharp-win32-x64"
      ],
      "scripts": true
    },
    "simple-swizzle@0.2.4": {
      "integrity": "sha512-nAu1WFPQSMNr2Zn9PGSZK9AGn4t/y97lEm+MXTtUDwfP0ksAIX4nO+6ruD9Jwut4C49SB1Ws+fbXsm/yScWOHw==",
      "dependencies": [
        "is-arrayish"
      ]
    },
    "strnum@2.1.1": {
      "integrity": "sha512-7ZvoFTiCnGxBtDqJ//Cu6fWtZtc7Y3x+QOirG15wztbdngGSkht27o2pyGWrVy0b4WAy3jbKmnoK6g5VlVNUUw=="
    },
    "tr46@0.0.3": {
      "integrity": "sha512-N3WMsuqV66lT30CrXNbEjx4GEwlow3v6rr4mCcv6prnfwhS01rkgyFdjPNBYd9br7LpXV1+Emh01fHnq2Gdgrw=="
    },
    "tslib@2.8.1": {
      "integrity": "sha512-oJFu94HQb+KVduSUQL7wnpmqnfmLsOA/nAh6b6EH0wCEoK0/mPeXU6c3wKDV83MkOuHPRHtSXKKU99IBazS/2w=="
    },
    "undici-types@7.10.0": {
      "integrity": "sha512-t5Fy/nfn+14LuOc2KNYg75vZqClpAiqscVvMygNnlsHBFpSXdJaYtXMcdNLpl/Qvc3P2cB3s6lOV51nqsFq4ag=="
    },
    "webidl-conversions@3.0.1": {
      "integrity": "sha512-2JAn3z8AR6rjK8Sm8orRC0h/bcl/DqL7tRPdGZ4I1CjdF+EaMLmYxBHyXuKL849eucPFhvBoxMsflfOb8kxaeQ=="
    },
    "whatwg-url@5.0.0": {
      "integrity": "sha512-saE57nupxk6v3HY35+jzBwYa0rKSy0XR8JSxZPwgLr7ys0IBzhGviA1/TUGJLmSVqs8pb9AnvICXEuOHLprYTw==",
      "dependencies": [
        "tr46",
        "webidl-conversions"
      ]
    },
    "ws@8.18.3": {
      "integrity": "sha512-PEIGCY5tSlUt50cqyMXfCzX+oOPqN0vuGqWzbcJ2xvnkzkq46oOpz7dQaTDBdfICb4N14+GARUDw2XV2N4tvzg=="
    }
  },
  "redirects": {
    "https://esm.sh/@supabase/supabase-js@2": "https://esm.sh/@supabase/supabase-js@2.81.0"
  },
  "remote": {
    "https://esm.sh/@supabase/auth-js@2.81.0/denonext/auth-js.mjs": "b5fd37fcb23c29d8aced42fa5860351b2c3cdf6c93f682f5ad18eae9a5ec975f",
    "https://esm.sh/@supabase/functions-js@2.81.0/denonext/functions-js.mjs": "9d372092ef779df5229d5dfdb99418b18a3ca13aa2c75bdfc2bb800152e63209",
    "https://esm.sh/@supabase/postgrest-js@2.81.0/denonext/postgrest-js.mjs": "06f7dfb7d7a12928ca6b032ff85c08da7e615bde3d6ce8296a15f6e5275b9c67",
    "https://esm.sh/@supabase/realtime-js@2.81.0/denonext/realtime-js.mjs": "9dd5143d77cf76c29eeaba47d275ba175b1757d95de746c6ac47dcc9cc20dc35",
    "https://esm.sh/@supabase/storage-js@2.81.0/denonext/storage-js.mjs": "a1fd4ba5177e3929f8ef2d0e3a67925bc2a8fe3a44842c86ed272fe8ab4d32ac",
    "https://esm.sh/@supabase/supabase-js@2.81.0": "3770fbb84be9073d4e9961daf72e0b750d9af22be7798386a487e653ab8ce0b5",
    "https://esm.sh/@supabase/supabase-js@2.81.0/denonext/supabase-js.mjs": "14d334ff59edbb57f86e22c7b63ffe9b0ba16987884b7cbcd028d460714a57fc",
    "https://esm.sh/tslib@2.8.1/denonext/tslib.mjs": "ebce3cd5facb654623020337f867b426ba95f71596ba87acc9e6c6f4e55905ca"
  },
  "workspace": {
    "dependencies": [
      "npm:@aws-sdk/client-s3@3",
      "npm:@supabase/supabase-js@2.38.4",
      "npm:sharp@0.33.1"
    ]
  }
}
